
Microsoft Visual Studio Solution File, Format Version 12.00
# Visual Studio Version 16
VisualStudioVersion = 16.0.29613.14
MinimumVisualStudioVersion = 10.0.40219.1
Project("{FAE04EC0-301F-11D3-BF4B-00C04F79EFBC}") = "RollingGigApi", "RollingGigApi\RollingGigApi.csproj", "{B3573300-5A43-40D7-B2E4-4092F9FDB6F9}"
EndProject
Global
	GlobalSection(SolutionConfigurationPlatforms) = preSolution
		Debug|Any CPU = Debug|Any CPU
		Release|Any CPU = Release|Any CPU
	EndGlobalSection
	GlobalSection(ProjectConfigurationPlatforms) = postSolution
		{B3573300-5A43-40D7-B2E4-4092F9FDB6F9}.Debug|Any CPU.ActiveCfg = Debug|Any CPU
		{B3573300-5A43-40D7-B2E4-4092F9FDB6F9}.Debug|Any CPU.Build.0 = Debug|Any CPU
		{B3573300-5A43-40D7-B2E4-4092F9FDB6F9}.Release|Any CPU.ActiveCfg = Release|Any CPU
		{B3573300-5A43-40D7-B2E4-4092F9FDB6F9}.Release|Any CPU.Build.0 = Release|Any CPU
	EndGlobalSection
	GlobalSection(SolutionProperties) = preSolution
		HideSolutionNode = FALSE
	EndGlobalSection
	GlobalSection(ExtensibilityGlobals) = postSolution
		SolutionGuid = {DACB9D28-7613-493F-BBDB-E3484268E85D}
	EndGlobalSection
EndGlobal
